
[[dependencies]]
name = "forge-std"
version = "1.9.3"
source = "https://soldeer-revisions.s3.amazonaws.com/forge-std/1_9_3_30-09-2024_08:27:09_forge-std-1.9.zip"
checksum = "351b6f9cde3d9476cc07e48c1bca6b7fd93fa16dd9b450e5ad5d169d1dbd5938"

[[dependencies]]
name = "@openzeppelin-contracts"
version = "5.0.2"
source = "https://soldeer-revisions.s3.amazonaws.com/@openzeppelin-contracts/5_0_2_14-03-2024_06:11:59_contracts.zip"
checksum = "8bc4f0acc7c187771b878d46f7de4bfad1acad2eb5d096d9d05d34035853f5c3"

[[dependencies]]
name = "sp1-contracts"
version = "4.0.0"
source = "https://github.com/succinctlabs/sp1-contracts/archive/refs/tags/v4.0.0.zip"
checksum = "f44ad2210b56cc2049168f5b3b13471702c4de261bcc557a3a95efc3d4e41055"

[[dependencies]]
name = "solmate"
version = "6.7.0"
source = "https://soldeer-revisions.s3.amazonaws.com/solmate/6_7_0_22-01-2024_13:21:00_solmate.zip"
checksum = "dd0f08cdaaaad1de0ac45993d4959351ba89c2d9325a0b5df5570357064f2c33"

[[dependencies]]
name = "solady"
version = "0.0.259"
source = "https://soldeer-revisions.s3.amazonaws.com/solady/0_0_259_19-10-2024_10:30:34_solady.zip"
checksum = "3fab02016eeb3e2d5710455faefc99fb6101d00bb95f5e96110cd301a39e2be7"
