[[dependencies]]
name = "solady"
version = "0.0.259"
url = "https://soldeer-revisions.s3.amazonaws.com/solady/0_0_259_19-10-2024_10:30:34_solady.zip"
checksum = "3fab02016eeb3e2d5710455faefc99fb6101d00bb95f5e96110cd301a39e2be7"
integrity = "417cd0e1384c6a2716996d80b5628268af8a9b063d6c506b7506954c5ea42de6"
